{
    "version": 3,
    "terraform_version": "0.11.8",
    "serial": 2,
    "lineage": "3d31b3ee-e6d1-06e9-3ea1-7e9eecad32ab",
    "modules": [
        {
            "path": [
                "root"
            ],
            "outputs": {},
            "resources": {
                "aws_instance.w": {
                    "type": "aws_instance",
                    "depends_on": [],
                    "primary": {
                        "id": "i-06bb83fa214d9ebd3",
                        "attributes": {
                            "ami": "ami-04ea996e7a3e7ad6b",
                            "arn": "arn:aws:ec2:ap-south-1:241659120778:instance/i-06bb83fa214d9ebd3",
                            "associate_public_ip_address": "true",
                            "availability_zone": "ap-south-1a",
                            "cpu_core_count": "1",
                            "cpu_threads_per_core": "1",
                            "credit_specification.#": "1",
                            "credit_specification.0.cpu_credits": "standard",
                            "disable_api_termination": "false",
                            "ebs_block_device.#": "0",
                            "ebs_optimized": "false",
                            "ephemeral_block_device.#": "0",
                            "get_password_data": "false",
                            "iam_instance_profile": "",
                            "id": "i-06bb83fa214d9ebd3",
                            "instance_state": "running",
                            "instance_type": "t2.micro",
                            "ipv6_addresses.#": "0",
                            "key_name": "terraform_ec2_key",
                            "monitoring": "false",
                            "network_interface.#": "0",
                            "network_interface_id": "eni-00a7eb91de67a6b7e",
                            "password_data": "",
                            "placement_group": "",
                            "primary_network_interface_id": "eni-00a7eb91de67a6b7e",
                            "private_dns": "ip-172-31-20-151.ap-south-1.compute.internal",
                            "private_ip": "172.31.20.151",
                            "public_dns": "ec2-13-126-186-107.ap-south-1.compute.amazonaws.com",
                            "public_ip": "13.126.186.107",
                            "root_block_device.#": "1",
                            "root_block_device.0.delete_on_termination": "true",
                            "root_block_device.0.iops": "100",
                            "root_block_device.0.volume_id": "vol-0ebb15d38494cf6aa",
                            "root_block_device.0.volume_size": "8",
                            "root_block_device.0.volume_type": "gp2",
                            "security_groups.#": "1",
                            "security_groups.3950522777": "TOM",
                            "source_dest_check": "false",
                            "subnet_id": "subnet-e6fa918e",
                            "tags.%": "1",
                            "tags.Name": "TOM",
                            "tenancy": "default",
                            "volume_tags.%": "0",
                            "vpc_security_group_ids.#": "1",
                            "vpc_security_group_ids.1882841696": "sg-030ed437ea614a9df"
                        },
                        "meta": {
                            "e2bfb730-ecaa-11e6-8f88-34363bc7c4c0": {
                                "create": 600000000000,
                                "delete": 1200000000000,
                                "update": 600000000000
                            },
                            "schema_version": "1"
                        },
                        "tainted": false
                    },
                    "deposed": [],
                    "provider": "provider.aws"
                },
                "aws_key_pair.terraform_ec2_key": {
                    "type": "aws_key_pair",
                    "depends_on": [],
                    "primary": {
                        "id": "terraform_ec2_key",
                        "attributes": {
                            "fingerprint": "ee:95:48:11:ba:96:da:b3:e8:3d:28:f3:73:9d:49:b3",
                            "id": "terraform_ec2_key",
                            "key_name": "terraform_ec2_key",
                            "public_key": "ssh-rsa AAAAB3NzaC1yc2EAAAADAQABAAABAQC85z/afgOB2qXtxYfII6lkfMlJwdcEGgpSw/HBThPSBVoNcbYK296JirZL4KkAEVKx7jRMq+Ax1FBOoBgrjwuvughG4j/J4t8kSBK2/ypwr+HGEHACkBBqqhjrucXP6acJuH5DEQDusMjGizEW6OA+LDvxbypw9PXWvTcSr1S19FY9EpEZUyvb1rlwuHu9Kmz/Tr2FTYnlEd4CFnAGVzC1T0R+KMU+z3OKdssosXoIuEmwxNQqt6m0A1TOlhuR4npL79qku3/rUpOsLUIE939fSGR5/krryHXA9SrQlTat6MA0eEj07WhPptxbwuRzDOjqSzqN+LDP7X6HfFKhE9bj root@ASPEN-BAMBOO-SERVER"
                        },
                        "meta": {
                            "schema_version": "1"
                        },
                        "tainted": false
                    },
                    "deposed": [],
                    "provider": "provider.aws"
                },
                "aws_security_group.sg": {
                    "type": "aws_security_group",
                    "depends_on": [],
                    "primary": {
                        "id": "sg-030ed437ea614a9df",
                        "attributes": {
                            "arn": "arn:aws:ec2:ap-south-1:241659120778:security-group/sg-030ed437ea614a9df",
                            "description": "Managed by Terraform",
                            "egress.#": "1",
                            "egress.3483629482.cidr_blocks.#": "1",
                            "egress.3483629482.cidr_blocks.0": "0.0.0.0/0",
                            "egress.3483629482.description": "",
                            "egress.3483629482.from_port": "0",
                            "egress.3483629482.ipv6_cidr_blocks.#": "0",
                            "egress.3483629482.prefix_list_ids.#": "0",
                            "egress.3483629482.protocol": "tcp",
                            "egress.3483629482.security_groups.#": "0",
                            "egress.3483629482.self": "false",
                            "egress.3483629482.to_port": "0",
                            "id": "sg-030ed437ea614a9df",
                            "ingress.#": "3",
                            "ingress.2541437006.cidr_blocks.#": "1",
                            "ingress.2541437006.cidr_blocks.0": "0.0.0.0/0",
                            "ingress.2541437006.description": "",
                            "ingress.2541437006.from_port": "22",
                            "ingress.2541437006.ipv6_cidr_blocks.#": "0",
                            "ingress.2541437006.prefix_list_ids.#": "0",
                            "ingress.2541437006.protocol": "tcp",
                            "ingress.2541437006.security_groups.#": "0",
                            "ingress.2541437006.self": "false",
                            "ingress.2541437006.to_port": "22",
                            "ingress.2617001939.cidr_blocks.#": "1",
                            "ingress.2617001939.cidr_blocks.0": "0.0.0.0/0",
                            "ingress.2617001939.description": "",
                            "ingress.2617001939.from_port": "443",
                            "ingress.2617001939.ipv6_cidr_blocks.#": "0",
                            "ingress.2617001939.prefix_list_ids.#": "0",
                            "ingress.2617001939.protocol": "tcp",
                            "ingress.2617001939.security_groups.#": "0",
                            "ingress.2617001939.self": "false",
                            "ingress.2617001939.to_port": "443",
                            "ingress.3575339048.cidr_blocks.#": "1",
                            "ingress.3575339048.cidr_blocks.0": "0.0.0.0/0",
                            "ingress.3575339048.description": "",
                            "ingress.3575339048.from_port": "122",
                            "ingress.3575339048.ipv6_cidr_blocks.#": "0",
                            "ingress.3575339048.prefix_list_ids.#": "0",
                            "ingress.3575339048.protocol": "tcp",
                            "ingress.3575339048.security_groups.#": "0",
                            "ingress.3575339048.self": "false",
                            "ingress.3575339048.to_port": "122",
                            "name": "TOM",
                            "owner_id": "241659120778",
                            "revoke_rules_on_delete": "false",
                            "tags.%": "1",
                            "tags.Name": "TOM",
                            "vpc_id": "vpc-78490c10"
                        },
                        "meta": {
                            "e2bfb730-ecaa-11e6-8f88-34363bc7c4c0": {
                                "create": 600000000000,
                                "delete": 600000000000
                            },
                            "schema_version": "1"
                        },
                        "tainted": false
                    },
                    "deposed": [],
                    "provider": "provider.aws"
                }
            },
            "depends_on": []
        }
    ]
}
