{
    "version": 3,
    "terraform_version": "0.11.8",
    "serial": 2,
    "lineage": "9bd671ce-543a-dc93-bb14-74aaf7d203d6",
    "modules": [
        {
            "path": [
                "root"
            ],
            "outputs": {},
            "resources": {
                "aws_instance.w": {
                    "type": "aws_instance",
                    "depends_on": [],
                    "primary": {
                        "id": "i-0cd1621aa6fa6472a",
                        "attributes": {
                            "ami": "ami-04ea996e7a3e7ad6b",
                            "arn": "arn:aws:ec2:ap-south-1:241659120778:instance/i-0cd1621aa6fa6472a",
                            "associate_public_ip_address": "true",
                            "availability_zone": "ap-south-1a",
                            "cpu_core_count": "1",
                            "cpu_threads_per_core": "1",
                            "credit_specification.#": "1",
                            "credit_specification.0.cpu_credits": "standard",
                            "disable_api_termination": "false",
                            "ebs_block_device.#": "0",
                            "ebs_optimized": "false",
                            "ephemeral_block_device.#": "0",
                            "get_password_data": "false",
                            "iam_instance_profile": "",
                            "id": "i-0cd1621aa6fa6472a",
                            "instance_state": "running",
                            "instance_type": "t2.micro",
                            "ipv6_addresses.#": "0",
                            "key_name": "aspendevops",
                            "monitoring": "false",
                            "network_interface.#": "0",
                            "network_interface_id": "eni-03ce2cddc46c1a219",
                            "password_data": "",
                            "placement_group": "",
                            "primary_network_interface_id": "eni-03ce2cddc46c1a219",
                            "private_dns": "ip-172-31-17-27.ap-south-1.compute.internal",
                            "private_ip": "172.31.17.27",
                            "public_dns": "ec2-13-233-66-153.ap-south-1.compute.amazonaws.com",
                            "public_ip": "13.233.66.153",
                            "root_block_device.#": "1",
                            "root_block_device.0.delete_on_termination": "true",
                            "root_block_device.0.iops": "100",
                            "root_block_device.0.volume_id": "vol-0b376e24b3d7f4d46",
                            "root_block_device.0.volume_size": "8",
                            "root_block_device.0.volume_type": "gp2",
                            "security_groups.#": "1",
                            "security_groups.2518535217": "sg",
                            "source_dest_check": "false",
                            "subnet_id": "subnet-e6fa918e",
                            "tags.%": "1",
                            "tags.Name": "MAC",
                            "tenancy": "default",
                            "volume_tags.%": "0",
                            "vpc_security_group_ids.#": "1",
                            "vpc_security_group_ids.394151818": "sg-065d9d559dab93187"
                        },
                        "meta": {
                            "e2bfb730-ecaa-11e6-8f88-34363bc7c4c0": {
                                "create": 600000000000,
                                "delete": 1200000000000,
                                "update": 600000000000
                            },
                            "schema_version": "1"
                        },
                        "tainted": false
                    },
                    "deposed": [],
                    "provider": "provider.aws"
                }
            },
            "depends_on": []
        }
    ]
}
